// !$*UTF8*$!
{
	archiveVersion = 1;
	classes = {
	};
	objectVersion = 50;
	objects = {

/* Begin PBXBuildFile section */
		FC62509E26BB2C45006C5B09 /* AppDelegate.swift in Sources */ = {isa = PBXBuildFile; fileRef = FC62509D26BB2C45006C5B09 /* AppDelegate.swift */; };
		FC6250A026BB2C45006C5B09 /* SceneDelegate.swift in Sources */ = {isa = PBXBuildFile; fileRef = FC62509F26BB2C45006C5B09 /* SceneDelegate.swift */; };
		FC6250A526BB2C45006C5B09 /* Main.storyboard in Resources */ = {isa = PBXBuildFile; fileRef = FC6250A326BB2C45006C5B09 /* Main.storyboard */; };
		FC6250A726BB2C46006C5B09 /* Assets.xcassets in Resources */ = {isa = PBXBuildFile; fileRef = FC6250A626BB2C46006C5B09 /* Assets.xcassets */; };
		FC6250AA26BB2C46006C5B09 /* LaunchScreen.storyboard in Resources */ = {isa = PBXBuildFile; fileRef = FC6250A826BB2C46006C5B09 /* LaunchScreen.storyboard */; };
		FC6250B826BB2C9B006C5B09 /* Dogs.swift in Sources */ = {isa = PBXBuildFile; fileRef = FC6250B726BB2C9B006C5B09 /* Dogs.swift */; };
		FC6250BC26BB3042006C5B09 /* CoinController.swift in Sources */ = {isa = PBXBuildFile; fileRef = FC6250BB26BB3041006C5B09 /* CoinController.swift */; };
		FC6250BE26BB30E6006C5B09 /* CoinError.swift in Sources */ = {isa = PBXBuildFile; fileRef = FC6250BD26BB30E6006C5B09 /* CoinError.swift */; };
		FC6250C226BB4866006C5B09 /* CoinTableViewController.swift in Sources */ = {isa = PBXBuildFile; fileRef = FC6250C126BB4866006C5B09 /* CoinTableViewController.swift */; };
		FC6250C526BB4C6E006C5B09 /* CoinTableViewCell.swift in Sources */ = {isa = PBXBuildFile; fileRef = FC6250C426BB4C6E006C5B09 /* CoinTableViewCell.swift */; };
/* End PBXBuildFile section */

/* Begin PBXFileReference section */
		FC62509A26BB2C45006C5B09 /* Dogs40.app */ = {isa = PBXFileReference; explicitFileType = wrapper.application; includeInIndex = 0; path = Dogs40.app; sourceTree = BUILT_PRODUCTS_DIR; };
		FC62509D26BB2C45006C5B09 /* AppDelegate.swift */ = {isa = PBXFileReference; lastKnownFileType = sourcecode.swift; path = AppDelegate.swift; sourceTree = "<group>"; };
		FC62509F26BB2C45006C5B09 /* SceneDelegate.swift */ = {isa = PBXFileReference; lastKnownFileType = sourcecode.swift; path = SceneDelegate.swift; sourceTree = "<group>"; };
		FC6250A426BB2C45006C5B09 /* Base */ = {isa = PBXFileReference; lastKnownFileType = file.storyboard; name = Base; path = Base.lproj/Main.storyboard; sourceTree = "<group>"; };
		FC6250A626BB2C46006C5B09 /* Assets.xcassets */ = {isa = PBXFileReference; lastKnownFileType = folder.assetcatalog; path = Assets.xcassets; sourceTree = "<group>"; };
		FC6250A926BB2C46006C5B09 /* Base */ = {isa = PBXFileReference; lastKnownFileType = file.storyboard; name = Base; path = Base.lproj/LaunchScreen.storyboard; sourceTree = "<group>"; };
		FC6250AB26BB2C46006C5B09 /* Info.plist */ = {isa = PBXFileReference; lastKnownFileType = text.plist.xml; path = Info.plist; sourceTree = "<group>"; };
		FC6250B726BB2C9B006C5B09 /* Dogs.swift */ = {isa = PBXFileReference; lastKnownFileType = sourcecode.swift; path = Dogs.swift; sourceTree = "<group>"; };
		FC6250BB26BB3041006C5B09 /* CoinController.swift */ = {isa = PBXFileReference; lastKnownFileType = sourcecode.swift; path = CoinController.swift; sourceTree = "<group>"; };
		FC6250BD26BB30E6006C5B09 /* CoinError.swift */ = {isa = PBXFileReference; lastKnownFileType = sourcecode.swift; path = CoinError.swift; sourceTree = "<group>"; };
		FC6250C126BB4866006C5B09 /* CoinTableViewController.swift */ = {isa = PBXFileReference; lastKnownFileType = sourcecode.swift; path = CoinTableViewController.swift; sourceTree = "<group>"; };
		FC6250C426BB4C6E006C5B09 /* CoinTableViewCell.swift */ = {isa = PBXFileReference; lastKnownFileType = sourcecode.swift; path = CoinTableViewCell.swift; sourceTree = "<group>"; };
/* End PBXFileReference section */

/* Begin PBXFrameworksBuildPhase section */
		FC62509726BB2C45006C5B09 /* Frameworks */ = {
			isa = PBXFrameworksBuildPhase;
			buildActionMask = 2147483647;
			files = (
			);
			runOnlyForDeploymentPostprocessing = 0;
		};
/* End PBXFrameworksBuildPhase section */

/* Begin PBXGroup section */
		FC62509126BB2C45006C5B09 = {
			isa = PBXGroup;
			children = (
				FC62509C26BB2C45006C5B09 /* Dogs40 */,
				FC62509B26BB2C45006C5B09 /* Products */,
			);
			sourceTree = "<group>";
		};
		FC62509B26BB2C45006C5B09 /* Products */ = {
			isa = PBXGroup;
			children = (
				FC62509A26BB2C45006C5B09 /* Dogs40.app */,
			);
			name = Products;
			sourceTree = "<group>";
		};
		FC62509C26BB2C45006C5B09 /* Dogs40 */ = {
			isa = PBXGroup;
			children = (
				FC6250B526BB2C62006C5B09 /* Views */,
				FC6250B426BB2C5A006C5B09 /* Helpers+Extension */,
				FC6250B326BB2C53006C5B09 /* Models */,
				FC6250B226BB2C4E006C5B09 /* Controllers */,
				FC6250B126BB2C49006C5B09 /* Resources */,
			);
			path = Dogs40;
			sourceTree = "<group>";
		};
		FC6250B126BB2C49006C5B09 /* Resources */ = {
			isa = PBXGroup;
			children = (
				FC62509D26BB2C45006C5B09 /* AppDelegate.swift */,
				FC62509F26BB2C45006C5B09 /* SceneDelegate.swift */,
				FC6250A626BB2C46006C5B09 /* Assets.xcassets */,
				FC6250AB26BB2C46006C5B09 /* Info.plist */,
			);
			path = Resources;
			sourceTree = "<group>";
		};
		FC6250B226BB2C4E006C5B09 /* Controllers */ = {
			isa = PBXGroup;
			children = (
				FC6250BA26BB3034006C5B09 /* Model Controller */,
				FC6250B926BB302D006C5B09 /* View Controller */,
			);
			path = Controllers;
			sourceTree = "<group>";
		};
		FC6250B326BB2C53006C5B09 /* Models */ = {
			isa = PBXGroup;
			children = (
				FC6250B726BB2C9B006C5B09 /* Dogs.swift */,
			);
			path = Models;
			sourceTree = "<group>";
		};
		FC6250B426BB2C5A006C5B09 /* Helpers+Extension */ = {
			isa = PBXGroup;
			children = (
				FC6250BD26BB30E6006C5B09 /* CoinError.swift */,
			);
			path = "Helpers+Extension";
			sourceTree = "<group>";
		};
		FC6250B526BB2C62006C5B09 /* Views */ = {
			isa = PBXGroup;
			children = (
				FC6250C326BB4C61006C5B09 /* Custom Cells */,
				FC6250B626BB2C6B006C5B09 /* Storyboard */,
			);
			path = Views;
			sourceTree = "<group>";
		};
		FC6250B626BB2C6B006C5B09 /* Storyboard */ = {
			isa = PBXGroup;
			children = (
				FC6250A326BB2C45006C5B09 /* Main.storyboard */,
				FC6250A826BB2C46006C5B09 /* LaunchScreen.storyboard */,
			);
			path = Storyboard;
			sourceTree = "<group>";
		};
		FC6250B926BB302D006C5B09 /* View Controller */ = {
			isa = PBXGroup;
			children = (
				FC6250C126BB4866006C5B09 /* CoinTableViewController.swift */,
			);
			path = "View Controller";
			sourceTree = "<group>";
		};
		FC6250BA26BB3034006C5B09 /* Model Controller */ = {
			isa = PBXGroup;
			children = (
				FC6250BB26BB3041006C5B09 /* CoinController.swift */,
			);
			path = "Model Controller";
			sourceTree = "<group>";
		};
		FC6250C326BB4C61006C5B09 /* Custom Cells */ = {
			isa = PBXGroup;
			children = (
				FC6250C426BB4C6E006C5B09 /* CoinTableViewCell.swift */,
			);
			path = "Custom Cells";
			sourceTree = "<group>";
		};
/* End PBXGroup section */

/* Begin PBXNativeTarget section */
		FC62509926BB2C45006C5B09 /* Dogs40 */ = {
			isa = PBXNativeTarget;
			buildConfigurationList = FC6250AE26BB2C46006C5B09 /* Build configuration list for PBXNativeTarget "Dogs40" */;
			buildPhases = (
				FC62509626BB2C45006C5B09 /* Sources */,
				FC62509726BB2C45006C5B09 /* Frameworks */,
				FC62509826BB2C45006C5B09 /* Resources */,
			);
			buildRules = (
			);
			dependencies = (
			);
			name = Dogs40;
			productName = Dogs40;
			productReference = FC62509A26BB2C45006C5B09 /* Dogs40.app */;
			productType = "com.apple.product-type.application";
		};
/* End PBXNativeTarget section */

/* Begin PBXProject section */
		FC62509226BB2C45006C5B09 /* Project object */ = {
			isa = PBXProject;
			attributes = {
				LastSwiftUpdateCheck = 1250;
				LastUpgradeCheck = 1250;
				TargetAttributes = {
					FC62509926BB2C45006C5B09 = {
						CreatedOnToolsVersion = 12.5.1;
					};
				};
			};
			buildConfigurationList = FC62509526BB2C45006C5B09 /* Build configuration list for PBXProject "Dogs40" */;
			compatibilityVersion = "Xcode 9.3";
			developmentRegion = en;
			hasScannedForEncodings = 0;
			knownRegions = (
				en,
				Base,
			);
			mainGroup = FC62509126BB2C45006C5B09;
			productRefGroup = FC62509B26BB2C45006C5B09 /* Products */;
			projectDirPath = "";
			projectRoot = "";
			targets = (
				FC62509926BB2C45006C5B09 /* Dogs40 */,
			);
		};
/* End PBXProject section */

/* Begin PBXResourcesBuildPhase section */
		FC62509826BB2C45006C5B09 /* Resources */ = {
			isa = PBXResourcesBuildPhase;
			buildActionMask = 2147483647;
			files = (
				FC6250AA26BB2C46006C5B09 /* LaunchScreen.storyboard in Resources */,
				FC6250A726BB2C46006C5B09 /* Assets.xcassets in Resources */,
				FC6250A526BB2C45006C5B09 /* Main.storyboard in Resources */,
			);
			runOnlyForDeploymentPostprocessing = 0;
		};
/* End PBXResourcesBuildPhase section */

/* Begin PBXSourcesBuildPhase section */
		FC62509626BB2C45006C5B09 /* Sources */ = {
			isa = PBXSourcesBuildPhase;
			buildActionMask = 2147483647;
			files = (
				FC6250BE26BB30E6006C5B09 /* CoinError.swift in Sources */,
				FC6250BC26BB3042006C5B09 /* CoinController.swift in Sources */,
				FC6250C226BB4866006C5B09 /* CoinTableViewController.swift in Sources */,
				FC62509E26BB2C45006C5B09 /* AppDelegate.swift in Sources */,
				FC6250B826BB2C9B006C5B09 /* Dogs.swift in Sources */,
				FC6250A026BB2C45006C5B09 /* SceneDelegate.swift in Sources */,
				FC6250C526BB4C6E006C5B09 /* CoinTableViewCell.swift in Sources */,
			);
			runOnlyForDeploymentPostprocessing = 0;
		};
/* End PBXSourcesBuildPhase section */

/* Begin PBXVariantGroup section */
		FC6250A326BB2C45006C5B09 /* Main.storyboard */ = {
			isa = PBXVariantGroup;
			children = (
				FC6250A426BB2C45006C5B09 /* Base */,
			);
			name = Main.storyboard;
			sourceTree = "<group>";
		};
		FC6250A826BB2C46006C5B09 /* LaunchScreen.storyboard */ = {
			isa = PBXVariantGroup;
			children = (
				FC6250A926BB2C46006C5B09 /* Base */,
			);
			name = LaunchScreen.storyboard;
			sourceTree = "<group>";
		};
/* End PBXVariantGroup section */

/* Begin XCBuildConfiguration section */
		FC6250AC26BB2C46006C5B09 /* Debug */ = {
			isa = XCBuildConfiguration;
			buildSettings = {
				ALWAYS_SEARCH_USER_PATHS = NO;
				CLANG_ANALYZER_NONNULL = YES;
				CLANG_ANALYZER_NUMBER_OBJECT_CONVERSION = YES_AGGRESSIVE;
				CLANG_CXX_LANGUAGE_STANDARD = "gnu++14";
				CLANG_CXX_LIBRARY = "libc++";
				CLANG_ENABLE_MODULES = YES;
				CLANG_ENABLE_OBJC_ARC = YES;
				CLANG_ENABLE_OBJC_WEAK = YES;
				CLANG_WARN_BLOCK_CAPTURE_AUTORELEASING = YES;
				CLANG_WARN_BOOL_CONVERSION = YES;
				CLANG_WARN_COMMA = YES;
				CLANG_WARN_CONSTANT_CONVERSION = YES;
				CLANG_WARN_DEPRECATED_OBJC_IMPLEMENTATIONS = YES;
				CLANG_WARN_DIRECT_OBJC_ISA_USAGE = YES_ERROR;
				CLANG_WARN_DOCUMENTATION_COMMENTS = YES;
				CLANG_WARN_EMPTY_BODY = YES;
				CLANG_WARN_ENUM_CONVERSION = YES;
				CLANG_WARN_INFINITE_RECURSION = YES;
				CLANG_WARN_INT_CONVERSION = YES;
				CLANG_WARN_NON_LITERAL_NULL_CONVERSION = YES;
				CLANG_WARN_OBJC_IMPLICIT_RETAIN_SELF = YES;
				CLANG_WARN_OBJC_LITERAL_CONVERSION = YES;
				CLANG_WARN_OBJC_ROOT_CLASS = YES_ERROR;
				CLANG_WARN_QUOTED_INCLUDE_IN_FRAMEWORK_HEADER = YES;
				CLANG_WARN_RANGE_LOOP_ANALYSIS = YES;
				CLANG_WARN_STRICT_PROTOTYPES = YES;
				CLANG_WARN_SUSPICIOUS_MOVE = YES;
				CLANG_WARN_UNGUARDED_AVAILABILITY = YES_AGGRESSIVE;
				CLANG_WARN_UNREACHABLE_CODE = YES;
				CLANG_WARN__DUPLICATE_METHOD_MATCH = YES;
				COPY_PHASE_STRIP = NO;
				DEBUG_INFORMATION_FORMAT = dwarf;
				ENABLE_STRICT_OBJC_MSGSEND = YES;
				ENABLE_TESTABILITY = YES;
				GCC_C_LANGUAGE_STANDARD = gnu11;
				GCC_DYNAMIC_NO_PIC = NO;
				GCC_NO_COMMON_BLOCKS = YES;
				GCC_OPTIMIZATION_LEVEL = 0;
				GCC_PREPROCESSOR_DEFINITIONS = (
					"DEBUG=1",
					"$(inherited)",
				);
				GCC_WARN_64_TO_32_BIT_CONVERSION = YES;
				GCC_WARN_ABOUT_RETURN_TYPE = YES_ERROR;
				GCC_WARN_UNDECLARED_SELECTOR = YES;
				GCC_WARN_UNINITIALIZED_AUTOS = YES_AGGRESSIVE;
				GCC_WARN_UNUSED_FUNCTION = YES;
				GCC_WARN_UNUSED_VARIABLE = YES;
				IPHONEOS_DEPLOYMENT_TARGET = 14.5;
				MTL_ENABLE_DEBUG_INFO = INCLUDE_SOURCE;
				MTL_FAST_MATH = YES;
				ONLY_ACTIVE_ARCH = YES;
				SDKROOT = iphoneos;
				SWIFT_ACTIVE_COMPILATION_CONDITIONS = DEBUG;
				SWIFT_OPTIMIZATION_LEVEL = "-Onone";
			};
			name = Debug;
		};
		FC6250AD26BB2C46006C5B09 /* Release */ = {
			isa = XCBuildConfiguration;
			buildSettings = {
				ALWAYS_SEARCH_USER_PATHS = NO;
				CLANG_ANALYZER_NONNULL = YES;
				CLANG_ANALYZER_NUMBER_OBJECT_CONVERSION = YES_AGGRESSIVE;
				CLANG_CXX_LANGUAGE_STANDARD = "gnu++14";
				CLANG_CXX_LIBRARY = "libc++";
				CLANG_ENABLE_MODULES = YES;
				CLANG_ENABLE_OBJC_ARC = YES;
				CLANG_ENABLE_OBJC_WEAK = YES;
				CLANG_WARN_BLOCK_CAPTURE_AUTORELEASING = YES;
				CLANG_WARN_BOOL_CONVERSION = YES;
				CLANG_WARN_COMMA = YES;
				CLANG_WARN_CONSTANT_CONVERSION = YES;
				CLANG_WARN_DEPRECATED_OBJC_IMPLEMENTATIONS = YES;
				CLANG_WARN_DIRECT_OBJC_ISA_USAGE = YES_ERROR;
				CLANG_WARN_DOCUMENTATION_COMMENTS = YES;
				CLANG_WARN_EMPTY_BODY = YES;
				CLANG_WARN_ENUM_CONVERSION = YES;
				CLANG_WARN_INFINITE_RECURSION = YES;
				CLANG_WARN_INT_CONVERSION = YES;
				CLANG_WARN_NON_LITERAL_NULL_CONVERSION = YES;
				CLANG_WARN_OBJC_IMPLICIT_RETAIN_SELF = YES;
				CLANG_WARN_OBJC_LITERAL_CONVERSION = YES;
				CLANG_WARN_OBJC_ROOT_CLASS = YES_ERROR;
				CLANG_WARN_QUOTED_INCLUDE_IN_FRAMEWORK_HEADER = YES;
				CLANG_WARN_RANGE_LOOP_ANALYSIS = YES;
				CLANG_WARN_STRICT_PROTOTYPES = YES;
				CLANG_WARN_SUSPICIOUS_MOVE = YES;
				CLANG_WARN_UNGUARDED_AVAILABILITY = YES_AGGRESSIVE;
				CLANG_WARN_UNREACHABLE_CODE = YES;
				CLANG_WARN__DUPLICATE_METHOD_MATCH = YES;
				COPY_PHASE_STRIP = NO;
				DEBUG_INFORMATION_FORMAT = "dwarf-with-dsym";
				ENABLE_NS_ASSERTIONS = NO;
				ENABLE_STRICT_OBJC_MSGSEND = YES;
				GCC_C_LANGUAGE_STANDARD = gnu11;
				GCC_NO_COMMON_BLOCKS = YES;
				GCC_WARN_64_TO_32_BIT_CONVERSION = YES;
				GCC_WARN_ABOUT_RETURN_TYPE = YES_ERROR;
				GCC_WARN_UNDECLARED_SELECTOR = YES;
				GCC_WARN_UNINITIALIZED_AUTOS = YES_AGGRESSIVE;
				GCC_WARN_UNUSED_FUNCTION = YES;
				GCC_WARN_UNUSED_VARIABLE = YES;
				IPHONEOS_DEPLOYMENT_TARGET = 14.5;
				MTL_ENABLE_DEBUG_INFO = NO;
				MTL_FAST_MATH = YES;
				SDKROOT = iphoneos;
				SWIFT_COMPILATION_MODE = wholemodule;
				SWIFT_OPTIMIZATION_LEVEL = "-O";
				VALIDATE_PRODUCT = YES;
			};
			name = Release;
		};
		FC6250AF26BB2C46006C5B09 /* Debug */ = {
			isa = XCBuildConfiguration;
			buildSettings = {
				ASSETCATALOG_COMPILER_APPICON_NAME = AppIcon;
				ASSETCATALOG_COMPILER_GLOBAL_ACCENT_COLOR_NAME = AccentColor;
				CODE_SIGN_STYLE = Automatic;
				INFOPLIST_FILE = Dogs40/Resources/Info.plist;
				LD_RUNPATH_SEARCH_PATHS = (
					"$(inherited)",
					"@executable_path/Frameworks",
				);
				PRODUCT_BUNDLE_IDENTIFIER = DelstunMcCray.Dogs40;
				PRODUCT_NAME = "$(TARGET_NAME)";
				SWIFT_VERSION = 5.0;
				TARGETED_DEVICE_FAMILY = "1,2";
			};
			name = Debug;
		};
		FC6250B026BB2C46006C5B09 /* Release */ = {
			isa = XCBuildConfiguration;
			buildSettings = {
				ASSETCATALOG_COMPILER_APPICON_NAME = AppIcon;
				ASSETCATALOG_COMPILER_GLOBAL_ACCENT_COLOR_NAME = AccentColor;
				CODE_SIGN_STYLE = Automatic;
				INFOPLIST_FILE = Dogs40/Resources/Info.plist;
				LD_RUNPATH_SEARCH_PATHS = (
					"$(inherited)",
					"@executable_path/Frameworks",
				);
				PRODUCT_BUNDLE_IDENTIFIER = DelstunMcCray.Dogs40;
				PRODUCT_NAME = "$(TARGET_NAME)";
				SWIFT_VERSION = 5.0;
				TARGETED_DEVICE_FAMILY = "1,2";
			};
			name = Release;
		};
/* End XCBuildConfiguration section */

/* Begin XCConfigurationList section */
		FC62509526BB2C45006C5B09 /* Build configuration list for PBXProject "Dogs40" */ = {
			isa = XCConfigurationList;
			buildConfigurations = (
				FC6250AC26BB2C46006C5B09 /* Debug */,
				FC6250AD26BB2C46006C5B09 /* Release */,
			);
			defaultConfigurationIsVisible = 0;
			defaultConfigurationName = Release;
		};
		FC6250AE26BB2C46006C5B09 /* Build configuration list for PBXNativeTarget "Dogs40" */ = {
			isa = XCConfigurationList;
			buildConfigurations = (
				FC6250AF26BB2C46006C5B09 /* Debug */,
				FC6250B026BB2C46006C5B09 /* Release */,
			);
			defaultConfigurationIsVisible = 0;
			defaultConfigurationName = Release;
		};
/* End XCConfigurationList section */
	};
	rootObject = FC62509226BB2C45006C5B09 /* Project object */;
}
